httplib2==0.13.1 \
    --hash=sha256:217d90a8ce80b79b0ec8cb138cf56c6698f1e8937b6f5a8dbc5ed6f90d2578ff \
    --hash=sha256:5ef971b6fe95665262243a3eb5ac677c826b6c4a8f1c2ced18d29bbbd287b0a4 \
    --hash=sha256:5ef971b6fe95665262243a3eb5ac677c826b6c4a8f1c2ced18d29bbbd287b0a4 \
    --hash=sha256:5ef971b6fe95665262243a3eb5ac677c826b6c4a8f1c2ced18d29bbbd287b0a4 \
    --hash=sha256:5ef971b6fe95665262243a3eb5ac677c826b6c4a8f1c2ced18d29bbbd287b0a4 \
    --hash=sha256:806201d3abb16b50447583f74314bfefc2d4b37a71e67765243fc96956ca297c \
    --hash=sha256:b4bcf45dd14301ed07aecd5e222fa6fd99001b6429bf323c0e73217c65206e13 \
    --hash=sha256:cf6f9d5876d796539ec922a2c9b9a7cad9bfd90f04badcdc3bcfa537168052c3 \
    --hash=sha256:cf6f9d5876d796539ec922a2c9b9a7cad9bfd90f04badcdc3bcfa537168052c3 \
    --hash=sha256:cf6f9d5876d796539ec922a2c9b9a7cad9bfd90f04badcdc3bcfa537168052c3 \
    --hash=sha256:cf6f9d5876d796539ec922a2c9b9a7cad9bfd90f04badcdc3bcfa537168052c3 \
    --hash=sha256:cf6f9d5876d796539ec922a2c9b9a7cad9bfd90f04badcdc3bcfa537168052c3 \
    --hash=sha256:f213b02f5f3b8443bdfa7d16ffa0467a00d7d092c52820b9dd2b2d6e59182881
pyfakefs==5.5.0 \
    --hash=sha256:8dbf203ab7bef1529f11f7d41b9478b898e95bf9f3b71262163aac07a518cd76 \
    --hash=sha256:9ff61ad6fd55a6456fee18e7a3b5a5bd1dd01c2e31c0077303843ea2e1113f1c
six==1.10.0 \
    --hash=sha256:0ff78c403d9bccf5a425a6d31a12aa6b47f1c21ca4dc2573a7e2f32a97335eb1 \
    --hash=sha256:0ff78c403d9bccf5a425a6d31a12aa6b47f1c21ca4dc2573a7e2f32a97335eb1 \
    --hash=sha256:0ff78c403d9bccf5a425a6d31a12aa6b47f1c21ca4dc2573a7e2f32a97335eb1 \
    --hash=sha256:0ff78c403d9bccf5a425a6d31a12aa6b47f1c21ca4dc2573a7e2f32a97335eb1 \
    --hash=sha256:0ff78c403d9bccf5a425a6d31a12aa6b47f1c21ca4dc2573a7e2f32a97335eb1 \
    --hash=sha256:0ff78c403d9bccf5a425a6d31a12aa6b47f1c21ca4dc2573a7e2f32a97335eb1 \
    --hash=sha256:0ff78c403d9bccf5a425a6d31a12aa6b47f1c21ca4dc2573a7e2f32a97335eb1 \
    --hash=sha256:0ff78c403d9bccf5a425a6d31a12aa6b47f1c21ca4dc2573a7e2f32a97335eb1 \
    --hash=sha256:0ff78c403d9bccf5a425a6d31a12aa6b47f1c21ca4dc2573a7e2f32a97335eb1 \
    --hash=sha256:0ff78c403d9bccf5a425a6d31a12aa6b47f1c21ca4dc2573a7e2f32a97335eb1 \
    --hash=sha256:1a3f0e2946fdd0c94e7bdb9288cf8b1ccd1faeb0fc02f83e9d296ad176fa8687 \
    --hash=sha256:1a3f0e2946fdd0c94e7bdb9288cf8b1ccd1faeb0fc02f83e9d296ad176fa8687 \
    --hash=sha256:41bba6815b017013f5960ece16028d9dc80e1012a0e3e9fd45c3dde95b9f37cf
