cachetools==2.0.1 \
    --hash=sha256:4319bbb78172e7bcf99423e1ecd6914b32336ccfe97d2058ffe62e641a7f3abe \
    --hash=sha256:4319bbb78172e7bcf99423e1ecd6914b32336ccfe97d2058ffe62e641a7f3abe \
    --hash=sha256:4319bbb78172e7bcf99423e1ecd6914b32336ccfe97d2058ffe62e641a7f3abe \
    --hash=sha256:452888d3eac7decf889530a271923254abb7380a0255cd65693cd29c2c66b4f8 \
    --hash=sha256:452888d3eac7decf889530a271923254abb7380a0255cd65693cd29c2c66b4f8 \
    --hash=sha256:452888d3eac7decf889530a271923254abb7380a0255cd65693cd29c2c66b4f8
    # via google-auth
certifi==2020.11.8 \
    --hash=sha256:1f422849db327d534e3d0c5f02a263458c3955ec0aae4ff09b95f195c59f4edd \
    --hash=sha256:1f422849db327d534e3d0c5f02a263458c3955ec0aae4ff09b95f195c59f4edd \
    --hash=sha256:1f422849db327d534e3d0c5f02a263458c3955ec0aae4ff09b95f195c59f4edd \
    --hash=sha256:83899d4fd2a1071acca79abb10435484cdfd9f223522fd26ac2449b2c4c52d9b \
    --hash=sha256:e538978d4526342d7b37cfcdd503eaf48f32c7f362d7ca8cb32ee5491b872841 \
    --hash=sha256:e538978d4526342d7b37cfcdd503eaf48f32c7f362d7ca8cb32ee5491b872841
    # via requests
charset-normalizer==2.0.4 \
    --hash=sha256:0c8911edd15d19223366a194a513099a302055a962bca2cec0f54b8b63175d8b \
    --hash=sha256:8290b03e2f31a4b3399e1727f0323607253bb2bd38f0cb23d4e0cc6d76a5ec72
    # via requests
enum34==1.1.6 \
    --hash=sha256:0a48c925cc4d4c594e8b78317fbf6c36fb3dd43933e8d89c62f2d173bce8aeba \
    --hash=sha256:0a48c925cc4d4c594e8b78317fbf6c36fb3dd43933e8d89c62f2d173bce8aeba \
    --hash=sha256:0a48c925cc4d4c594e8b78317fbf6c36fb3dd43933e8d89c62f2d173bce8aeba \
    --hash=sha256:644837f692e5f550741432dd3f223bbb9852018674981b1664e5dc339387588a \
    --hash=sha256:6bd0f6ad48ec2aa117d3d141940d484deccda84d4fcd884f5c3d93c23ecd8c79 \
    --hash=sha256:6bd0f6ad48ec2aa117d3d141940d484deccda84d4fcd884f5c3d93c23ecd8c79 \
    --hash=sha256:6bd0f6ad48ec2aa117d3d141940d484deccda84d4fcd884f5c3d93c23ecd8c79 \
    --hash=sha256:6bd0f6ad48ec2aa117d3d141940d484deccda84d4fcd884f5c3d93c23ecd8c79 \
    --hash=sha256:6bd0f6ad48ec2aa117d3d141940d484deccda84d4fcd884f5c3d93c23ecd8c79 \
    --hash=sha256:6bd0f6ad48ec2aa117d3d141940d484deccda84d4fcd884f5c3d93c23ecd8c79 \
    --hash=sha256:c48cd11cfd889becea111722740818302b24aab566411d1db56c5dfaf5bf23c3 \
    --hash=sha256:dc9ac19f5caa57dc030a131b37a406fb1f1b9fc57afdf336251d63b482647607
google-api-core==1.31.5 \
    --hash=sha256:6815207a8b422e9da42c200681603f304b25f98c98b675a9db9fdc3717e44280 \
    --hash=sha256:f49e692bb0c9068fbf1261d942ba53823fd89e67fa5c935a23342ccdf7f8306a
    # via google-api-python-client
google-api-python-client==2.2.0 \
    --hash=sha256:330787e6e8ab10a1629b783a2dd98ae31196ad8f218f9fddc105dc8ac788808f \
    --hash=sha256:9edac3b071588e08e4b3d14455f2a3c2a57637cab6535f70cff0c01200e22909
    # via infra-libs
google-auth==1.25.0 \
    --hash=sha256:008e23ed080674f69f9d2d7d80db4c2591b9bb307d136cea7b3bc129771d211d \
    --hash=sha256:008e23ed080674f69f9d2d7d80db4c2591b9bb307d136cea7b3bc129771d211d \
    --hash=sha256:008e23ed080674f69f9d2d7d80db4c2591b9bb307d136cea7b3bc129771d211d \
    --hash=sha256:c4db95010a903477b81f06e5c37de92ffffd19299e04c02d0edc3c6939310844 \
    --hash=sha256:c4db95010a903477b81f06e5c37de92ffffd19299e04c02d0edc3c6939310844 \
    --hash=sha256:c4db95010a903477b81f06e5c37de92ffffd19299e04c02d0edc3c6939310844
    # via
    #   google-api-core
    #   google-api-python-client
    #   google-auth-httplib2
    #   infra-libs
google-auth-httplib2==0.1.0 \
    --hash=sha256:31e49c36c6b5643b57e82617cb3e021e3e1d2df9da63af67252c02fa9c1f4a10 \
    --hash=sha256:31e49c36c6b5643b57e82617cb3e021e3e1d2df9da63af67252c02fa9c1f4a10 \
    --hash=sha256:31e49c36c6b5643b57e82617cb3e021e3e1d2df9da63af67252c02fa9c1f4a10 \
    --hash=sha256:3a16b4a034b717c9fdb53723e7824bc33f56d20ff3b3673496798c99f0b7de69 \
    --hash=sha256:3a16b4a034b717c9fdb53723e7824bc33f56d20ff3b3673496798c99f0b7de69 \
    --hash=sha256:3a16b4a034b717c9fdb53723e7824bc33f56d20ff3b3673496798c99f0b7de69
    # via
    #   google-api-python-client
    #   infra-libs
googleapis-common-protos==1.52.0 \
    --hash=sha256:536edff5a2d8a18613e2795577f307c656c905ee53a5e7fd64bd39e620de0557 \
    --hash=sha256:536edff5a2d8a18613e2795577f307c656c905ee53a5e7fd64bd39e620de0557 \
    --hash=sha256:536edff5a2d8a18613e2795577f307c656c905ee53a5e7fd64bd39e620de0557 \
    --hash=sha256:c8961760f5aad9a711d37b675be103e0cc4e9a39327e0d6d857872f698403e24 \
    --hash=sha256:c8961760f5aad9a711d37b675be103e0cc4e9a39327e0d6d857872f698403e24 \
    --hash=sha256:c8961760f5aad9a711d37b675be103e0cc4e9a39327e0d6d857872f698403e24
    # via google-api-core
httplib2==0.19.1 \
    --hash=sha256:2ad195faf9faf079723f6714926e9a9061f694d07724b846658ce08d40f522b4 \
    --hash=sha256:2ad195faf9faf079723f6714926e9a9061f694d07724b846658ce08d40f522b4 \
    --hash=sha256:2ad195faf9faf079723f6714926e9a9061f694d07724b846658ce08d40f522b4 \
    --hash=sha256:2ad195faf9faf079723f6714926e9a9061f694d07724b846658ce08d40f522b4 \
    --hash=sha256:2ad195faf9faf079723f6714926e9a9061f694d07724b846658ce08d40f522b4 \
    --hash=sha256:2ad195faf9faf079723f6714926e9a9061f694d07724b846658ce08d40f522b4 \
    --hash=sha256:2ad195faf9faf079723f6714926e9a9061f694d07724b846658ce08d40f522b4 \
    --hash=sha256:2ad195faf9faf079723f6714926e9a9061f694d07724b846658ce08d40f522b4 \
    --hash=sha256:b7cd9ee0a01ce4e658366e13a2047b54c84fc71f1f0ff268325a1ed5b5aa119d
    # via
    #   google-api-python-client
    #   google-auth-httplib2
    #   oauth2client
idna==2.8 \
    --hash=sha256:6c68f10e99f5f99caff1bf6b897f7032748b7fa206d16f507c86867bc078312d \
    --hash=sha256:6c68f10e99f5f99caff1bf6b897f7032748b7fa206d16f507c86867bc078312d \
    --hash=sha256:6c68f10e99f5f99caff1bf6b897f7032748b7fa206d16f507c86867bc078312d \
    --hash=sha256:ea8b7f6188e6fa117537c3df7da9fc686d485087abf6ac197f9c46432f7e4a3c \
    --hash=sha256:ea8b7f6188e6fa117537c3df7da9fc686d485087abf6ac197f9c46432f7e4a3c \
    --hash=sha256:ea8b7f6188e6fa117537c3df7da9fc686d485087abf6ac197f9c46432f7e4a3c \
    --hash=sha256:ea8b7f6188e6fa117537c3df7da9fc686d485087abf6ac197f9c46432f7e4a3c \
    --hash=sha256:ea8b7f6188e6fa117537c3df7da9fc686d485087abf6ac197f9c46432f7e4a3c \
    --hash=sha256:ea8b7f6188e6fa117537c3df7da9fc686d485087abf6ac197f9c46432f7e4a3c \
    --hash=sha256:ea8b7f6188e6fa117537c3df7da9fc686d485087abf6ac197f9c46432f7e4a3c \
    --hash=sha256:ea8b7f6188e6fa117537c3df7da9fc686d485087abf6ac197f9c46432f7e4a3c \
    --hash=sha256:ea8b7f6188e6fa117537c3df7da9fc686d485087abf6ac197f9c46432f7e4a3c \
    --hash=sha256:ea8b7f6188e6fa117537c3df7da9fc686d485087abf6ac197f9c46432f7e4a3c
    # via requests
infra-libs==2.4.0 \
    --hash=sha256:3d5b0c31e2e6963dcd49051a5710ebc2df5f8af6b2fc4851a3107a3c44c80f23 \
    --hash=sha256:fe17df766c8ec00541ffc8cdd4cb6f94b90fb2716e398bcacb4e0043fdd19cf5
oauth2client==3.0.0 \
    --hash=sha256:7c47d7f77c785398c13452821ea11142ebe764229333ec0cf505502f6756291c \
    --hash=sha256:800663b3d5c94dcb5fd5fdfcedf72cbc281e0e309818487d20f93385eccfb8be \
    --hash=sha256:8bccbd064280d1b2c00aa6c45f471234e75c2af75aa504a9362ddc9a88b0a937 \
    --hash=sha256:9eedc9d8e25a38492172805e6aa690f9e213bde26eadde3a26076920dee78384 \
    --hash=sha256:a6034847934e8dc6b676dc5648486e7a8bcd76a0669c3ca7140a5b86162df243 \
    --hash=sha256:d91e655716b132d06ea9bf4bf02d0a652ada98fde38c9ee0ab6a844b9aa54833 \
    --hash=sha256:f1a083936e34f1d72eb307ac9fc0ae1655200707600f8e4c600400dd08ca9575
    # via infra-libs
packaging==16.8 \
    --hash=sha256:12ab96d61fb0cf16023ec1d79d87e7372868c5a883d08378eb29741b1015d243 \
    --hash=sha256:55eaf1bd3efbcc9bbfd7562abaf4b152b9b67f06da364280d04731c18eefde6e \
    --hash=sha256:99276dc6e3a7851f32027a68f1095cd3f77c148091b092ea867a351811cfe388 \
    --hash=sha256:99276dc6e3a7851f32027a68f1095cd3f77c148091b092ea867a351811cfe388 \
    --hash=sha256:99276dc6e3a7851f32027a68f1095cd3f77c148091b092ea867a351811cfe388 \
    --hash=sha256:cfd34b5b8bab8dd8ae8563cb2871894dd24cae16c8b3cace8b0ab5768d40f1bd
    # via google-api-core
protobuf==3.20.0 \
    --hash=sha256:4eda68bd9e2a4879385e6b1ea528c976f59cd9728382005cc54c28bcce8db983 \
    --hash=sha256:cc1ab9f17195d481f2e6249922197bb249c5b445ff4aaff9c49d9f2d9035da94
    # via
    #   google-api-core
    #   googleapis-common-protos
    #   infra-libs
pyasn1==0.4.5 \
    --hash=sha256:58bbb1feb769c42205eaf2cfc25fc2075c38f34528bddf7c14306f2f4d40145f \
    --hash=sha256:58bbb1feb769c42205eaf2cfc25fc2075c38f34528bddf7c14306f2f4d40145f \
    --hash=sha256:90aed86e2b1bb2ddf5b208f1c640578f36e8b093b6d93840f8c2fb6c2a50f68c \
    --hash=sha256:da6b43a8c9ae93bc80e2739efb38cc776ba74a886e3e9318d65fe81a8b8a2c6e \
    --hash=sha256:da6b43a8c9ae93bc80e2739efb38cc776ba74a886e3e9318d65fe81a8b8a2c6e \
    --hash=sha256:da6b43a8c9ae93bc80e2739efb38cc776ba74a886e3e9318d65fe81a8b8a2c6e
    # via
    #   oauth2client
    #   pyasn1-modules
    #   rsa
pyasn1-modules==0.2.4 \
    --hash=sha256:0d0c7fe74b8a90ca500a4575dd144a901e7243c97529adeeec9f318079aae181 \
    --hash=sha256:79580acf813e3b7d6e69783884e6e83ac94bf4617b36a135b85c599d8a818a7b \
    --hash=sha256:79580acf813e3b7d6e69783884e6e83ac94bf4617b36a135b85c599d8a818a7b \
    --hash=sha256:79580acf813e3b7d6e69783884e6e83ac94bf4617b36a135b85c599d8a818a7b \
    --hash=sha256:79580acf813e3b7d6e69783884e6e83ac94bf4617b36a135b85c599d8a818a7b \
    --hash=sha256:79580acf813e3b7d6e69783884e6e83ac94bf4617b36a135b85c599d8a818a7b \
    --hash=sha256:79580acf813e3b7d6e69783884e6e83ac94bf4617b36a135b85c599d8a818a7b \
    --hash=sha256:79580acf813e3b7d6e69783884e6e83ac94bf4617b36a135b85c599d8a818a7b \
    --hash=sha256:79580acf813e3b7d6e69783884e6e83ac94bf4617b36a135b85c599d8a818a7b \
    --hash=sha256:79580acf813e3b7d6e69783884e6e83ac94bf4617b36a135b85c599d8a818a7b \
    --hash=sha256:79580acf813e3b7d6e69783884e6e83ac94bf4617b36a135b85c599d8a818a7b \
    --hash=sha256:f85c2e8bfac150869a431b58bb77596fd22c02f4206fc7bf71aacc215a2391d5 \
    --hash=sha256:f85c2e8bfac150869a431b58bb77596fd22c02f4206fc7bf71aacc215a2391d5
    # via
    #   google-auth
    #   oauth2client
pyparsing==2.4.7 \
    --hash=sha256:e353556f0615c2246ea24b7afd6089cb096c13c2f5c26b0ad0e0a542b5db6d19 \
    --hash=sha256:e353556f0615c2246ea24b7afd6089cb096c13c2f5c26b0ad0e0a542b5db6d19 \
    --hash=sha256:ef9d7589ef3c200abe66653d3f1ab1033c3c419ae9b9bdb1240a85b024efc88b \
    --hash=sha256:ef9d7589ef3c200abe66653d3f1ab1033c3c419ae9b9bdb1240a85b024efc88b \
    --hash=sha256:ef9d7589ef3c200abe66653d3f1ab1033c3c419ae9b9bdb1240a85b024efc88b \
    --hash=sha256:ef9d7589ef3c200abe66653d3f1ab1033c3c419ae9b9bdb1240a85b024efc88b \
    --hash=sha256:ef9d7589ef3c200abe66653d3f1ab1033c3c419ae9b9bdb1240a85b024efc88b \
    --hash=sha256:ef9d7589ef3c200abe66653d3f1ab1033c3c419ae9b9bdb1240a85b024efc88b \
    --hash=sha256:ef9d7589ef3c200abe66653d3f1ab1033c3c419ae9b9bdb1240a85b024efc88b \
    --hash=sha256:ef9d7589ef3c200abe66653d3f1ab1033c3c419ae9b9bdb1240a85b024efc88b \
    --hash=sha256:ef9d7589ef3c200abe66653d3f1ab1033c3c419ae9b9bdb1240a85b024efc88b \
    --hash=sha256:ef9d7589ef3c200abe66653d3f1ab1033c3c419ae9b9bdb1240a85b024efc88b \
    --hash=sha256:f10f6d3fc1598d55e192fe92b58c020281a7ad211a6f8f0ca9c24b3e97ecd699
    # via
    #   httplib2
    #   packaging
pytz==2018.4 \
    --hash=sha256:4a004cb0e410fc2fafc2de8d3ae4261bcee393a508a6bebb00bce10a6558540f \
    --hash=sha256:5027143229b95af59a968809e7f15de76de7610194c29226addbaf63c66b8dcd \
    --hash=sha256:5bd53ae3a97c5a20245a199ffe49ae6493840bd812d4fb6671f0e839fbfd87b2 \
    --hash=sha256:65ae0c8101309c45772196b21b74c46b2e5d11b6275c45d251b150d5da334555 \
    --hash=sha256:65ae0c8101309c45772196b21b74c46b2e5d11b6275c45d251b150d5da334555 \
    --hash=sha256:65ae0c8101309c45772196b21b74c46b2e5d11b6275c45d251b150d5da334555
    # via google-api-core
requests==2.31.0 \
    --hash=sha256:58cd2187c01e70e6e26505bca751777aa9f2ee0b7f4300988b709f44e013003f \
    --hash=sha256:7c024df3d83d462cc8127c6c9a2dae2e5d2bddb54c1039624ab3baf485d752ca
    # via
    #   google-api-core
    #   infra-libs
rsa==3.4.2 \
    --hash=sha256:43f682fea81c452c98d09fc316aae12de6d30c4b5c84226642cf8f8fd1c93abd \
    --hash=sha256:43f682fea81c452c98d09fc316aae12de6d30c4b5c84226642cf8f8fd1c93abd \
    --hash=sha256:43f682fea81c452c98d09fc316aae12de6d30c4b5c84226642cf8f8fd1c93abd \
    --hash=sha256:43f682fea81c452c98d09fc316aae12de6d30c4b5c84226642cf8f8fd1c93abd \
    --hash=sha256:43f682fea81c452c98d09fc316aae12de6d30c4b5c84226642cf8f8fd1c93abd \
    --hash=sha256:43f682fea81c452c98d09fc316aae12de6d30c4b5c84226642cf8f8fd1c93abd \
    --hash=sha256:43f682fea81c452c98d09fc316aae12de6d30c4b5c84226642cf8f8fd1c93abd \
    --hash=sha256:43f682fea81c452c98d09fc316aae12de6d30c4b5c84226642cf8f8fd1c93abd \
    --hash=sha256:43f682fea81c452c98d09fc316aae12de6d30c4b5c84226642cf8f8fd1c93abd \
    --hash=sha256:43f682fea81c452c98d09fc316aae12de6d30c4b5c84226642cf8f8fd1c93abd \
    --hash=sha256:b77867f9c1b9d489e4c3afbe77ce5ec47b402affb5ab4b801483b2d247d2f7d7 \
    --hash=sha256:b77867f9c1b9d489e4c3afbe77ce5ec47b402affb5ab4b801483b2d247d2f7d7 \
    --hash=sha256:b77867f9c1b9d489e4c3afbe77ce5ec47b402affb5ab4b801483b2d247d2f7d7
    # via
    #   google-auth
    #   oauth2client
setuptools==75.6.0 \
    --hash=sha256:95e7b6c4ee1eb64afe479ba9f0c89ef4fb8e0da33319d829ecb2ad1dcd131dfd \
    --hash=sha256:ce74b49e8f7110f9bf04883b730f4765b774ef3ef28f722cce7c273d253aaf7d
    # via
    #   google-api-core
    #   google-auth
six==1.15.0 \
    --hash=sha256:7bb413e52c2f9981580e74743d53187be17e108df9b4f9fab1964aab2e94b9d6 \
    --hash=sha256:7bb413e52c2f9981580e74743d53187be17e108df9b4f9fab1964aab2e94b9d6 \
    --hash=sha256:8b74bedcbbbaca38ff6d7491d76f2b06b3592611af620f8426e82dddb04a5ced \
    --hash=sha256:8b74bedcbbbaca38ff6d7491d76f2b06b3592611af620f8426e82dddb04a5ced \
    --hash=sha256:8b74bedcbbbaca38ff6d7491d76f2b06b3592611af620f8426e82dddb04a5ced \
    --hash=sha256:8b74bedcbbbaca38ff6d7491d76f2b06b3592611af620f8426e82dddb04a5ced \
    --hash=sha256:8b74bedcbbbaca38ff6d7491d76f2b06b3592611af620f8426e82dddb04a5ced \
    --hash=sha256:8b74bedcbbbaca38ff6d7491d76f2b06b3592611af620f8426e82dddb04a5ced \
    --hash=sha256:8b74bedcbbbaca38ff6d7491d76f2b06b3592611af620f8426e82dddb04a5ced \
    --hash=sha256:8b74bedcbbbaca38ff6d7491d76f2b06b3592611af620f8426e82dddb04a5ced \
    --hash=sha256:8b74bedcbbbaca38ff6d7491d76f2b06b3592611af620f8426e82dddb04a5ced \
    --hash=sha256:8b74bedcbbbaca38ff6d7491d76f2b06b3592611af620f8426e82dddb04a5ced \
    --hash=sha256:c7dfbdb6d68189c1942e9405fae9eef6bdf2ddff305866df52b806c11da74323
    # via
    #   google-api-core
    #   google-api-python-client
    #   google-auth
    #   google-auth-httplib2
    #   infra-libs
    #   oauth2client
    #   packaging
uritemplate==3.0.0 \
    --hash=sha256:015cd3c3e66e9d9ccd8ada54fd7167ba51c50832044d27f1439a07d4fbd76430 \
    --hash=sha256:01c69f4fe8ed503b2951bef85d996a9d22434d2431584b5b107b2981ff416fbd \
    --hash=sha256:1b9c467a940ce9fb9f50df819e8ddd14696f89b9a8cc87ac77952ba416e0a8fd \
    --hash=sha256:1b9c467a940ce9fb9f50df819e8ddd14696f89b9a8cc87ac77952ba416e0a8fd \
    --hash=sha256:7ad3e6d74caeb1d2c5f2496885e652dad1b3894abf28fdf2da9e98f4ffe8919a \
    --hash=sha256:98801f9862158b078d7252d835c7dbee5b66bf776c3226131669164ce93ae54f
    # via google-api-python-client
urllib3==1.24.3 \
    --hash=sha256:28ca2b8d9869d5378ac5f1c4831feffbbf7c824ebc5c46542fb74624d946fd94 \
    --hash=sha256:42db7ba6c9de3444ca76d03099e6f60771fa84a57c8937419d1c0d4097435956 \
    --hash=sha256:9d40c8e2ec049bf64d7c6925097542c910f0e40973a443e7107fe6ad11606469 \
    --hash=sha256:a637e5fae88995b256e3409dc4d52c2e2e0ba32c42a6365fee8bbd2238de3cfb \
    --hash=sha256:a637e5fae88995b256e3409dc4d52c2e2e0ba32c42a6365fee8bbd2238de3cfb \
    --hash=sha256:a637e5fae88995b256e3409dc4d52c2e2e0ba32c42a6365fee8bbd2238de3cfb \
    --hash=sha256:a637e5fae88995b256e3409dc4d52c2e2e0ba32c42a6365fee8bbd2238de3cfb \
    --hash=sha256:a637e5fae88995b256e3409dc4d52c2e2e0ba32c42a6365fee8bbd2238de3cfb \
    --hash=sha256:a637e5fae88995b256e3409dc4d52c2e2e0ba32c42a6365fee8bbd2238de3cfb \
    --hash=sha256:a637e5fae88995b256e3409dc4d52c2e2e0ba32c42a6365fee8bbd2238de3cfb \
    --hash=sha256:a637e5fae88995b256e3409dc4d52c2e2e0ba32c42a6365fee8bbd2238de3cfb \
    --hash=sha256:a637e5fae88995b256e3409dc4d52c2e2e0ba32c42a6365fee8bbd2238de3cfb \
    --hash=sha256:a637e5fae88995b256e3409dc4d52c2e2e0ba32c42a6365fee8bbd2238de3cfb \
    --hash=sha256:a637e5fae88995b256e3409dc4d52c2e2e0ba32c42a6365fee8bbd2238de3cfb \
    --hash=sha256:a637e5fae88995b256e3409dc4d52c2e2e0ba32c42a6365fee8bbd2238de3cfb \
    --hash=sha256:a637e5fae88995b256e3409dc4d52c2e2e0ba32c42a6365fee8bbd2238de3cfb \
    --hash=sha256:a637e5fae88995b256e3409dc4d52c2e2e0ba32c42a6365fee8bbd2238de3cfb \
    --hash=sha256:a637e5fae88995b256e3409dc4d52c2e2e0ba32c42a6365fee8bbd2238de3cfb \
    --hash=sha256:a637e5fae88995b256e3409dc4d52c2e2e0ba32c42a6365fee8bbd2238de3cfb \
    --hash=sha256:a637e5fae88995b256e3409dc4d52c2e2e0ba32c42a6365fee8bbd2238de3cfb
    # via requests
