attrs==20.3.0 \
    --hash=sha256:31b2eced602aa8423c2aea9c76a724617ed67cf9513173fd3a4f03e3a929c7e6 \
    --hash=sha256:31b2eced602aa8423c2aea9c76a724617ed67cf9513173fd3a4f03e3a929c7e6 \
    --hash=sha256:31b2eced602aa8423c2aea9c76a724617ed67cf9513173fd3a4f03e3a929c7e6 \
    --hash=sha256:be113fc296f1e704a1ae1a26a1f7af5082217cf0af1cdef3fa93afc543bab3f7 \
    --hash=sha256:f37869632f36155a5bea58fd2c2a4b970e51b49fc9037989640280ba6a23bc14 \
    --hash=sha256:f37869632f36155a5bea58fd2c2a4b970e51b49fc9037989640280ba6a23bc14
    # via hypothesis
hypothesis==6.9.1 \
    --hash=sha256:626d775dc122b5120188a41592934c739fb3a5a77d58534e695aa3f0eea5f879 \
    --hash=sha256:d2b7d48acfe1fb7eaba252e1975f79e1f188b4eee9e25e5265f260b8ac3fdbc6
sortedcontainers==2.4.0 \
    --hash=sha256:a163dcaede0f1c021485e957a39245190e74249897e2ae4b2aa38595db237ee0 \
    --hash=sha256:a3d93c55741d71ee1ae32fd2f49885829b061465287eda73dbec84266574bf7c
    # via hypothesis
