{
	"lucicfg": "1.46.1",
	"packages": [
		{
			"name": "@chromium-project",
			"deps": [
				"@chromium-luci",
				"@chromium-targets"
			],
			"lucicfg": "1.44.1",
			"resources": [
				"autoshard_exceptions.json",
				"dev/chromium-header.textpb",
				"lib/linux-default.json",
				"luci-analysis-dev.cfg",
				"luci-analysis.cfg",
				"luci-bisection-dev.cfg",
				"luci-bisection.cfg",
				"milestones.json",
				"settings.json",
				"templates/build_with_step_summary.template",
				"templates/tree_closure_email.template",
				"testhaus-staging.cfg",
				"testhaus.cfg"
			],
			"entrypoints": [
				"dev.star",
				"main.star"
			]
		},
		{
			"name": "@chromium-luci",
			"source": {
				"repo": "https://chromium.googlesource.com/infra/chromium/+/refs/heads/main",
				"revision": "b859f278471bfa7328a74494c7d9db377ae3e931",
				"path": "starlark-libs/chromium-luci"
			},
			"lucicfg": "1.46.1"
		},
		{
			"name": "@chromium-targets",
			"source": {
				"path": "./targets"
			},
			"deps": [
				"@chromium-luci"
			],
			"lucicfg": "1.46.1"
		}
	]
}
