{
	"lucicfg": "1.45.8",
	"packages": [
		{
			"name": "@chromium-project",
			"deps": [
				"@chromium-luci"
			],
			"lucicfg": "1.44.1",
			"resources": [
				"dev/chromium-header.textpb",
				"lib/linux-default.json",
				"luci-analysis-dev.cfg",
				"luci-analysis.cfg",
				"luci-bisection-dev.cfg",
				"luci-bisection.cfg",
				"milestones.json",
				"settings.json",
				"targets/autoshard_exceptions.json",
				"targets/cros-skylab-variants.json",
				"templates/build_with_step_summary.template",
				"templates/tree_closure_email.template",
				"testhaus-staging.cfg",
				"testhaus.cfg",
				"tricium-prod.cfg"
			],
			"entrypoints": [
				"dev.star",
				"main.star"
			]
		},
		{
			"name": "@chromium-luci",
			"source": {
				"repo": "https://chromium.googlesource.com/infra/chromium/+/refs/heads/main",
				"revision": "0286cb7e8d0f8f6b2eb3a9ffcba6421f7364d343",
				"path": "starlark-libs/chromium-luci"
			},
			"lucicfg": "1.45.0"
		}
	]
}
