{
  "name": "replay_build_scripts",
  "version": "1.0.0",
  "lockfileVersion": 2,
  "requires": true,
  "packages": {
    "": {
      "name": "replay_build_scripts",
      "version": "1.0.0",
      "license": "ISC",
      "devDependencies": {
        "@types/node": "^18.15.7"
      }
    },
    "node_modules/@types/node": {
      "version": "18.15.7",
      "resolved": "https://registry.npmjs.org/@types/node/-/node-18.15.7.tgz",
      "integrity": "sha512-LFmUbFunqmBn26wJZgZPYZPrDR1RwGOu2v79Mgcka1ndO6V0/cwjivPTc4yoK6n9kmw4/ls1r8cLrvh2iMibFA==",
      "dev": true
    }
  },
  "dependencies": {
    "@types/node": {
      "version": "18.15.7",
      "resolved": "https://registry.npmjs.org/@types/node/-/node-18.15.7.tgz",
      "integrity": "sha512-LFmUbFunqmBn26wJZgZPYZPrDR1RwGOu2v79Mgcka1ndO6V0/cwjivPTc4yoK6n9kmw4/ls1r8cLrvh2iMibFA==",
      "dev": true
    }
  }
}
