absl-py==2.1.0 \
    --hash=sha256:28f18ac585a9fb44cd1f48836f391ad3deab972fb77150e87fe23ddd786f1b92 \
    --hash=sha256:526a04eadab8b4ee719ce68f204172ead1027549089702d99b9059f129ff1308 \
    --hash=sha256:526a04eadab8b4ee719ce68f204172ead1027549089702d99b9059f129ff1308 \
    --hash=sha256:526a04eadab8b4ee719ce68f204172ead1027549089702d99b9059f129ff1308 \
    --hash=sha256:526a04eadab8b4ee719ce68f204172ead1027549089702d99b9059f129ff1308 \
    --hash=sha256:526a04eadab8b4ee719ce68f204172ead1027549089702d99b9059f129ff1308 \
    --hash=sha256:526a04eadab8b4ee719ce68f204172ead1027549089702d99b9059f129ff1308 \
    --hash=sha256:526a04eadab8b4ee719ce68f204172ead1027549089702d99b9059f129ff1308 \
    --hash=sha256:526a04eadab8b4ee719ce68f204172ead1027549089702d99b9059f129ff1308
    # via
    #   tensorboard
    #   tensorflow
astunparse==1.6.3 \
    --hash=sha256:53218e541f6e848fd5747e82b7b6d248b2895394c00ba9c2a3245782a2463b34 \
    --hash=sha256:53218e541f6e848fd5747e82b7b6d248b2895394c00ba9c2a3245782a2463b34 \
    --hash=sha256:53218e541f6e848fd5747e82b7b6d248b2895394c00ba9c2a3245782a2463b34 \
    --hash=sha256:c2652417f2c8b5bb325c885ae329bdf3f86424075c4fd1a128674bc6fba4b8e8 \
    --hash=sha256:c2652417f2c8b5bb325c885ae329bdf3f86424075c4fd1a128674bc6fba4b8e8 \
    --hash=sha256:c2652417f2c8b5bb325c885ae329bdf3f86424075c4fd1a128674bc6fba4b8e8
    # via tensorflow
cachetools==4.2.2 \
    --hash=sha256:2cc0b89715337ab6dbba85b5b50effe2b0c74e035d83ee8ed637cf52f12ae001 \
    --hash=sha256:bc094432b8d013f237ae542080e880c2a63f983b31842038d587b111a516f890
    # via google-auth
certifi==2021.5.30 \
    --hash=sha256:40500886cb897243e586f68cb94bd2a858e8c1e4cfd091e1a527899aedb90c1b \
    --hash=sha256:50b1e4f8446b06f41be7dd6338db18e0990601dce795c2b1686458aa7e8fa7d8
    # via requests
charset-normalizer==2.0.4 \
    --hash=sha256:0c8911edd15d19223366a194a513099a302055a962bca2cec0f54b8b63175d8b \
    --hash=sha256:8290b03e2f31a4b3399e1727f0323607253bb2bd38f0cb23d4e0cc6d76a5ec72
    # via requests
flatbuffers==24.3.25 \
    --hash=sha256:8dbdec58f935f3765e4f7f3cf635ac3a77f83568138d6a2311f524ec96364812 \
    --hash=sha256:f661a017730431763517401f5a5d4dee040dba81c0cb4260ec43285c33d44125
    # via tensorflow
gast==0.4.0 \
    --hash=sha256:b7adcdd5adbebf1adf17378da5ba3f543684dbec47b1cda1f3997e573cd542c4 \
    --hash=sha256:d83f1d5b5ff69c6c34144db486c8bd7fc5281662414a719136f63592619c3930
    # via tensorflow
google-auth==2.16.2 \
    --hash=sha256:2fef3cf94876d1a0e204afece58bb4d83fb57228aaa366c64045039fda6770a2 \
    --hash=sha256:a85fc1dfc8476f0fdd9b42fc0c34adb9888f5da19be75a270c6515cc869a19bb
    # via
    #   google-auth-oauthlib
    #   tensorboard
google-auth-oauthlib==1.0.0 \
    --hash=sha256:95880ca704928c300f48194d1770cf5b1462835b6e49db61445a520f793fd5fb \
    --hash=sha256:e8a7d94d844cce1d284f7e13e2db53600067c145fb6cd74562f5c3905e792216
    # via tensorboard
google-pasta==0.2.0 \
    --hash=sha256:b32482794a366b5366a32c92a9a9201b107821889935a02b3e51f6b432ea84ed \
    --hash=sha256:e01e801406094b5e83173a7f5483d4797be89106941397aabde7b3d58067efb1
    # via tensorflow
grpcio==1.57.0 \
    --hash=sha256:02d33333a2f843a5883f649732b97edddadeacc8ae5a91d59eea18499c608023 \
    --hash=sha256:1442d2091ee7272a3d3e8097db49b548148178ac20aecb1f4999277e969c5577 \
    --hash=sha256:44e5b3d35969cf73a76fdd2415e870caa7e163d0c407d12d55d6fc5de41a49bf \
    --hash=sha256:44f3052e2419c18855d29375ed490da76fb7d75f317f49ea7f504ea0be9d7688 \
    --hash=sha256:5e5b58e32ae14658085c16986d11e99abd002ddbf51c8daae8a0671fffb3467f \
    --hash=sha256:641bd7efdeb43a662ba4de17c4cdd59f163c73d8b3e43d1d124aceef241c6d6c \
    --hash=sha256:6909bfe97e20c873556b611f810c68c0d6b080865a926fa9e50adff5bb3de28e \
    --hash=sha256:7b5a9959e6f09367004275ae41b97a639fe334f9b66cbd880e8457e561acf592 \
    --hash=sha256:894910e1e08ef572f0cabd11024d9eebd3d52ced18cc9f69e8818f71d4e360f0 \
    --hash=sha256:a8a8e560e8dbbdf29288872e91efd22af71e88b0e5736b0daf7773c1fecd99f0 \
    --hash=sha256:adee4e37cdc08262051a397a16d9772a3660492c993f41ca06534b4fa3af62b5 \
    --hash=sha256:b6075083291a8e510053864e2b069b1c8995af586bd7754dd03e7bb07f215f68 \
    --hash=sha256:c76725df9ce2a84ecc4d3d1ddb3e060a62aba5b8a38f4c5af1e4a80de49a4348 \
    --hash=sha256:e1e6ebfe60a018b8ce731652efc8c4d32d8641240518755073241b295ced4798 \
    --hash=sha256:f0569febfe96e7f89debf47a19e4137ccead9347a435fa0a57223063314ade59 \
    --hash=sha256:fa96fef90605a75bf058bda61a434417b9debe21001847252724cd019774e1f2
    # via
    #   tensorboard
    #   tensorflow
h5py==3.11.0 \
    --hash=sha256:151617dc64cc672b25602da81454c78d222e0fdf4b5fb8a52b31a52c8c9f679f \
    --hash=sha256:754c0c2e373d13d6309f408325343b642eb0f40f1a6ad21779cfa9502209e150 \
    --hash=sha256:8ec9df3dd2018904c4cc06331951e274f3f3fd091e6d6cc350aaa90fa9b42a76 \
    --hash=sha256:9468da4bb7589a1a9d23d4ff04e928ae2881525bd782404aea9c6498d61dfcbb \
    --hash=sha256:a462973020cc69270529686f8f4b8c11b0be305973991214d2c519f20a7b826b \
    --hash=sha256:ac2ffca2013eaee04ca0dfd746055fc1145f9d1304d81af6f0f1775beb7dfd35 \
    --hash=sha256:b030ed6fb4fb4afe2814822a2dc629e16c56c69f2936ecfffb5f54d4575251f6 \
    --hash=sha256:c70d220549e1403995dbc6e940305be799476d758e1fb6783e8c76c1486dc48a \
    --hash=sha256:c9af9dd77071f7c82be92ee28840f8cd624bf60a1f5c6ae8236dbab400f00f0a \
    --hash=sha256:d5d1f8d18ba4ef349d22338f32d52ea1e12467e48e776dae549db12079030bca
    # via tensorflow
idna==3.2 \
    --hash=sha256:14475042e284991034cb48e06f6851428fb14c4dc953acd9be9a5e95c7b6dd7a \
    --hash=sha256:e630fd2d633e1018f08fb2af364d4628f617ebe1bd87213f462a4cd12cc65eb5
    # via requests
importlib-metadata==8.0.0 \
    --hash=sha256:15584cf2b1bf449d98ff8a6ff1abef57bf20f3ac6454f431736cd3e660921b2f \
    --hash=sha256:bb1fd241021c717ed0bd68114c33aaee8a1460e5c3a8d9a8f8962356883811e6
jax==0.4.13 \
    --hash=sha256:14ade3843df2a12d33ce88d696bd755dc14c8e28ab08decdb62c51ea327472a2 \
    --hash=sha256:c5a0757a7d6e7ede79e043b53c7330d442639aa450f60612c81461262adcdae4 \
    --hash=sha256:c5a0757a7d6e7ede79e043b53c7330d442639aa450f60612c81461262adcdae4 \
    --hash=sha256:c5a0757a7d6e7ede79e043b53c7330d442639aa450f60612c81461262adcdae4 \
    --hash=sha256:c5a0757a7d6e7ede79e043b53c7330d442639aa450f60612c81461262adcdae4 \
    --hash=sha256:c5a0757a7d6e7ede79e043b53c7330d442639aa450f60612c81461262adcdae4 \
    --hash=sha256:c5a0757a7d6e7ede79e043b53c7330d442639aa450f60612c81461262adcdae4 \
    --hash=sha256:c5a0757a7d6e7ede79e043b53c7330d442639aa450f60612c81461262adcdae4 \
    --hash=sha256:c5a0757a7d6e7ede79e043b53c7330d442639aa450f60612c81461262adcdae4
    # via tensorflow
keras==2.12.0 \
    --hash=sha256:35c39534011e909645fb93515452e98e1a0ce23727b55d4918b9c58b2308c15e \
    --hash=sha256:cab8d08971a62bec6609178bea30104c61caffe8e5fface78460a5ca3a31d4c4
    # via tensorflow
libclang==18.1.1 \
    --hash=sha256:6f2c1ecbae76369349970c1b71a53480747e7fb4da64e53ec4c0958d98c53510 \
    --hash=sha256:c533091d8a3bbf7460a00cb6c1a71da93bffe148f172c7d03b1c31fbf8aa2a0b \
    --hash=sha256:c533091d8a3bbf7460a00cb6c1a71da93bffe148f172c7d03b1c31fbf8aa2a0b
    # via tensorflow
markdown==3.3.4 \
    --hash=sha256:96c3ba1261de2f7547b46a00ea8463832c921d3f9d6aba3f255a6f71386db20c \
    --hash=sha256:9f84ed7cbdac13849ef8a8f9a1c13a086486cdd59928a60c1a02828d661f00b2
    # via tensorboard
markupsafe==2.1.5 \
    --hash=sha256:00767588d04ddea85aa2855b4dd14b1a28bfe896eda6edddda845171343035c8 \
    --hash=sha256:17d66a47d308d7fced53b4cb0305c00f514147afccc8cbab16bf22207f1c2299 \
    --hash=sha256:219e3ec1c96d4e48b2c15b3354a84cd2d9132e4142617f68fb3a260de0fa1ae1 \
    --hash=sha256:369c3454437a4cddac124e8c82ddac83272f8cb55fe0a252db9f273f5ba4662d \
    --hash=sha256:4354b3e56e3fe76f3478d3fcdd23c740a040690437dba18fa9f8c06319239386 \
    --hash=sha256:44e085f5bd9edf9aa26abd7191732670db4c293030870f040e6ccdd6ee14c707 \
    --hash=sha256:457b75d5e9defb4087619d5fd4a102abf02530f3004d2473acb660218842d6a8 \
    --hash=sha256:62b9d6a01efd8b2bfe1a2a2ffcb3b5250c0bce9baa5961f4bcd3405a1574edfa \
    --hash=sha256:6605205c12b162163e16da80e3627f71ff0ae5fc9015c28771a05d62cf745bb3 \
    --hash=sha256:8cc4d84b46d12b13e5d0919024e557c753e8375784cd28d92a3da0c26f4898c3 \
    --hash=sha256:ab8b6980543c83efed82d5db7dd459c333fe91052cf9fcd47ab64246f9ded34c \
    --hash=sha256:ac5ebad4e3e4b24c8a081aa4036629f883e8032fd9342def3ba97fe97dd126f4 \
    --hash=sha256:b43e8cb653afce1600b68da2a9272e1b62cde23d2eabb94158bbfce1391bfcd5 \
    --hash=sha256:cd9a3fd115a3730985b866c520299056a13769623fcaffbefb81b2d69a52909a \
    --hash=sha256:e0edf0a23d85b1410a63e136338bce6a7c14547a09669c702ec8022e6735f2fa \
    --hash=sha256:ebe0c147784978c93e4e7705e611ae6b92b9e119830ac1e145fd563e321bdb58
    # via werkzeug
ml-dtypes==0.2.0 \
    --hash=sha256:022d5a4ee6be14569c2a9d1549e16f1ec87ca949681d0dca59995445d5fcdd5b \
    --hash=sha256:17297f9355224a837067146213e5a156424ca6f01507392b7180f25a0b4e2cda
    # via jax
numpy==1.22.1 \
    --hash=sha256:47f50a53146348c8b1b3779561cbc271e2447901dca8745345e7a1a1ae236a7c \
    --hash=sha256:724ec2cb89c70c90ef4f319818910d47a056909c74e09ac88c3230ffc07288a0 \
    --hash=sha256:89e76807d910b9c15141a5bc440faef970c7dcbbb226fc68e73f55b4232ae1db \
    --hash=sha256:e46d9fbf0f7dddfcef5b0cecfbbf7649de26d19b43676f29bc6d7a480dba0ff8 \
    --hash=sha256:ea51df85e39695a7d505af7cd31fbb93f2798d7bd39f225d53865c597f8500aa \
    --hash=sha256:eb1aa27197ef93a64330a707f697c69ba215a0748c0524f51604c3835f455472 \
    --hash=sha256:f5cad6d614ba5870a8534e1d485718e7bfd08c7215f95b3a956d1e21c7a99ad0
    # via
    #   h5py
    #   jax
    #   ml-dtypes
    #   opt-einsum
    #   scipy
    #   tensorboard
    #   tensorflow
oauthlib==3.2.2 \
    --hash=sha256:8139f29aac13e25d502680e9e19963e83f16838d48a0d71c287fe40e7067fbca \
    --hash=sha256:d54ef619cb0095e5d6134cc2602f6ab22132eaef0c0d3b699dce5566ad3fac22
    # via requests-oauthlib
opt-einsum==3.3.0 \
    --hash=sha256:2455e59e3947d3c275477df7f5205b30635e266fe6dc300e3d9f9646bfcea147 \
    --hash=sha256:2455e59e3947d3c275477df7f5205b30635e266fe6dc300e3d9f9646bfcea147 \
    --hash=sha256:2455e59e3947d3c275477df7f5205b30635e266fe6dc300e3d9f9646bfcea147 \
    --hash=sha256:2455e59e3947d3c275477df7f5205b30635e266fe6dc300e3d9f9646bfcea147 \
    --hash=sha256:2455e59e3947d3c275477df7f5205b30635e266fe6dc300e3d9f9646bfcea147 \
    --hash=sha256:2455e59e3947d3c275477df7f5205b30635e266fe6dc300e3d9f9646bfcea147 \
    --hash=sha256:2455e59e3947d3c275477df7f5205b30635e266fe6dc300e3d9f9646bfcea147 \
    --hash=sha256:2455e59e3947d3c275477df7f5205b30635e266fe6dc300e3d9f9646bfcea147 \
    --hash=sha256:7377d82a09455d7cf07cc9be78563f632aba62437378d0d498cf7e06cfbd394a
    # via
    #   jax
    #   tensorflow
packaging==24.1 \
    --hash=sha256:5b8f2217dbdbd2f7f384c41c628544e6d52f2d0f53c6d0c3ea61aa5d1d7ff124 \
    --hash=sha256:a286c8be9e4fb3943d00acecd3557a80e216ce431c2ea43ba82034c42cacccc8
    # via tensorflow
protobuf==4.25.1 \
    --hash=sha256:a19731d5e83ae4737bb2a089605e636077ac001d18781b3cf489b9546c7c80d6 \
    --hash=sha256:ff433d2aa814b498df6c54a8e14b716522b3ea61cb1a16950a25770374383eb1
    # via
    #   tensorboard
    #   tensorflow
pyasn1==0.4.8 \
    --hash=sha256:159147e9bd244dcb12a55efada524edbbbbaf9c83ebb3944b17eb5e430a2b874 \
    --hash=sha256:159147e9bd244dcb12a55efada524edbbbbaf9c83ebb3944b17eb5e430a2b874 \
    --hash=sha256:39c7e2ec30515947ff4e87fb6f456dfc6e84857d34be479c9d4a4ba4bf46aa5d \
    --hash=sha256:39c7e2ec30515947ff4e87fb6f456dfc6e84857d34be479c9d4a4ba4bf46aa5d \
    --hash=sha256:39c7e2ec30515947ff4e87fb6f456dfc6e84857d34be479c9d4a4ba4bf46aa5d \
    --hash=sha256:96f4c222e8c7b15325fe7f1d37152a49114527ef56dbea9b71d7a521909ecae7
    # via
    #   pyasn1-modules
    #   rsa
pyasn1-modules==0.2.8 \
    --hash=sha256:2cb85560ec9961209d464515d9f3c7fd5c0da8e38acee4d55a57994d40b1bc04 \
    --hash=sha256:38d398c7b1159b5bd4f73cc674856f942ebb77322cf1b34f018cf2475b819b32 \
    --hash=sha256:38d398c7b1159b5bd4f73cc674856f942ebb77322cf1b34f018cf2475b819b32 \
    --hash=sha256:a50b808ffeb97cb3601dd25981f6b016cbb3d31fbf57a8b8a87428e6158d0c74 \
    --hash=sha256:a50b808ffeb97cb3601dd25981f6b016cbb3d31fbf57a8b8a87428e6158d0c74 \
    --hash=sha256:a50b808ffeb97cb3601dd25981f6b016cbb3d31fbf57a8b8a87428e6158d0c74
    # via google-auth
requests==2.31.0 \
    --hash=sha256:58cd2187c01e70e6e26505bca751777aa9f2ee0b7f4300988b709f44e013003f \
    --hash=sha256:7c024df3d83d462cc8127c6c9a2dae2e5d2bddb54c1039624ab3baf485d752ca
    # via
    #   requests-oauthlib
    #   tensorboard
requests-oauthlib==2.0.0 \
    --hash=sha256:7dd8a5c40426b779b0868c404bdef9768deccf22749cde15852df527e6269b36 \
    --hash=sha256:7dd8a5c40426b779b0868c404bdef9768deccf22749cde15852df527e6269b36 \
    --hash=sha256:7dd8a5c40426b779b0868c404bdef9768deccf22749cde15852df527e6269b36 \
    --hash=sha256:7dd8a5c40426b779b0868c404bdef9768deccf22749cde15852df527e6269b36 \
    --hash=sha256:7dd8a5c40426b779b0868c404bdef9768deccf22749cde15852df527e6269b36 \
    --hash=sha256:7dd8a5c40426b779b0868c404bdef9768deccf22749cde15852df527e6269b36 \
    --hash=sha256:7dd8a5c40426b779b0868c404bdef9768deccf22749cde15852df527e6269b36 \
    --hash=sha256:7dd8a5c40426b779b0868c404bdef9768deccf22749cde15852df527e6269b36 \
    --hash=sha256:d7bb822daaa198a299e606176bf298e7d628cac4406eedbaba435dd698ae52d8
    # via google-auth-oauthlib
rsa==4.7.2 \
    --hash=sha256:5042623dd29ca3d1f7995e223f61f4d2578f2e89bc5fa1bc81971f8227650c1c \
    --hash=sha256:78f9a9bf4e7be0c5ded4583326e7461e3a3c5aae24073648b4bdfa797d78c9d2
    # via google-auth
scipy==1.10.1 \
    --hash=sha256:07dea03602f8f94886009e97b20bcac73c0b6b15add79243197038f7fae68d08 \
    --hash=sha256:104bfe27963c68fbb60393bb168a4befca036784e2b70661f97c23755de0f89a \
    --hash=sha256:15a35c4242ec5f292c3dd364a7c71a61be87a3d4ddcc693372813c0b73c9af1d \
    --hash=sha256:39becb03541f9e58243f4197584286e339029e8908c46f7221abeea4b749fa88 \
    --hash=sha256:5678f88c68ea866ed9ebe3a989091088553ba12c6090244fdae3e467b1139c35 \
    --hash=sha256:9be3d9dbda1b1d163c0cc55cfe85b155e5b607b4d031317841938e18dfd51a22 \
    --hash=sha256:a83a799b2413c1d5b8e74bed862cb79f479512233becf862cc5ec785a0a80e85 \
    --hash=sha256:ab9aad87e27b62fbe21ebe944ec834bfdce879c063daf711a612ae872357b39b \
    --hash=sha256:ae3a9c611db9455013f565b189d93c3aa97d60c6df2e029ead03cae79d67b27b \
    --hash=sha256:d02c7546c7941f29eeac6cad967f3b6907634106497144c20d098506d63188b7 \
    --hash=sha256:d3e80b60c0d076aebc4514857cb06909f6f75eab74b4441fece16fcdc11b2bea \
    --hash=sha256:d925fa1c81b772882aa55bcc10bf88324dadb66ff85d548c71515f6689c6dac5
    # via jax
setuptools==70.3.0 \
    --hash=sha256:abf5cda533b6bdfa55fbc23779b80b203c0e1a8d26de6a23e70c2c03925acb9c \
    --hash=sha256:fe384da74336c398e0d956d1cae0669bc02eed936cdb1d49b57de1990dc11ffc
    # via
    #   tensorboard
    #   tensorflow
six==1.16.0 \
    --hash=sha256:8abb2f1d86890a2dfb989f9a77cfcfd3e47c2a354b01111771326f8aa26e0254 \
    --hash=sha256:8abb2f1d86890a2dfb989f9a77cfcfd3e47c2a354b01111771326f8aa26e0254 \
    --hash=sha256:8abb2f1d86890a2dfb989f9a77cfcfd3e47c2a354b01111771326f8aa26e0254 \
    --hash=sha256:8abb2f1d86890a2dfb989f9a77cfcfd3e47c2a354b01111771326f8aa26e0254 \
    --hash=sha256:8abb2f1d86890a2dfb989f9a77cfcfd3e47c2a354b01111771326f8aa26e0254 \
    --hash=sha256:8abb2f1d86890a2dfb989f9a77cfcfd3e47c2a354b01111771326f8aa26e0254 \
    --hash=sha256:8abb2f1d86890a2dfb989f9a77cfcfd3e47c2a354b01111771326f8aa26e0254 \
    --hash=sha256:8abb2f1d86890a2dfb989f9a77cfcfd3e47c2a354b01111771326f8aa26e0254 \
    --hash=sha256:c8b5e54a581be5917361e384f754d066fcc1dab170dd5b706e0e463d9653dd77
    # via
    #   astunparse
    #   google-auth
    #   google-pasta
    #   tensorflow
tensorboard==2.12.3 \
    --hash=sha256:2393ceb4fec52764b9ec03191b38cb992b098bc4a2e5781a4315612af8059b40 \
    --hash=sha256:b4a69366784bc347e02fbe7d847e01896a649ca52f8948a11005e205dcf724fb
    # via tensorflow
tensorboard-data-server==0.7.2 \
    --hash=sha256:7e0610d205889588983836ec05dc098e80f97b7e7bbff7e994ebb78f578d0ddb \
    --hash=sha256:de951f26b7b864a80e93a39857a02fcf038a2f57277236089a16e4340dfc717c
    # via tensorboard
tensorflow==2.12.0 ; platform_machine == 'x86_64' and sys_platform == 'linux' \
    --hash=sha256:23850332f1f9f778d697c9dba63ca52be72cb73363e75ad358f07ddafef63c01 \
    --hash=sha256:d35caf69c5ff30008ad711e57ecd05e9a78b32d8bf255f4e5c77410cc596bba8
tensorflow-estimator==2.12.0 \
    --hash=sha256:59b191bead4883822de3d63ac02ace11a83bfe6c10d64d0c4dfde75a50e60ca1 \
    --hash=sha256:829745008868f6104779527fe108d1fb6e98092c91d9c1f23efec7d45945bd06
    # via tensorflow
tensorflow-io-gcs-filesystem==0.34.0 \
    --hash=sha256:027a07553367187f918a99661f63ae0506b91b77a70bee9c7ccaf3920bf7cfe7 \
    --hash=sha256:027a07553367187f918a99661f63ae0506b91b77a70bee9c7ccaf3920bf7cfe7 \
    --hash=sha256:55355792c653dbeb43cca3b649e9c5bcb45467a4c15374bddba72415b657afe2
    # via tensorflow
termcolor==2.4.0 \
    --hash=sha256:30f5d5ab3036c026c7513e10f1e89b0bf42859e431b574ecc477381a53503a4c \
    --hash=sha256:ad6f1bde009954af6b69ead69a7122dd9d1b1cf9108cc2b4fcc471b61a5ed4b9
    # via tensorflow
typing-extensions==4.0.1 \
    --hash=sha256:1bd153db3bc07d32ae4e6be0d8a1376fe681d81c9560d9b3d8e763c371d3ec40 \
    --hash=sha256:7f001e5ac290a0c0401508864c7ec868be4e701886d5b573a9528ed3973d9d3b
    # via tensorflow
urllib3==1.26.6 \
    --hash=sha256:39fb8672126159acb139a7718dd10806104dec1e2f0f6c88aab05d17df10c8d4 \
    --hash=sha256:fa608904f610002ec11bb0347f46ccf36c1fe0fb399c8044fce17e8fc02936db
    # via requests
werkzeug==3.0.3 \
    --hash=sha256:0fa93cae147545099a6a71c27107f61a36d5f4bae1bdeeb5dfef15190f184b04 \
    --hash=sha256:fc9645dc43e03e4d630d23143a04a7f947a9a3b5727cd535fdfe155a17cc48c8
    # via tensorboard
wheel==0.37.1 \
    --hash=sha256:2a4e126c88be98c7ecb46e6c3767d966b1f7198b1766c8f17e77f9a923aeb5bc \
    --hash=sha256:4bdcd7d840138086126cd09254dc6195fb4fc6f01c050a1d7236f2630db1d22a
    # via
    #   astunparse
    #   tensorboard
wrapt==1.14.1 \
    --hash=sha256:272e9e0ed9cdf5cb52c9f3c087865b4c4ea84ec35e2b9559f848075e0a647faf \
    --hash=sha256:ef3f72c9666bba2bab70d2a8b79f2c6d2c1a42a7f7e2b0ec83bb2f9e383950af
    # via tensorflow
zipp==3.7.0 \
    --hash=sha256:b47250dd24f92b7dd6a0a8fc5244da14608f3ca90a5efcd37a3b1642fac9a375 \
    --hash=sha256:f8aef9a41b4a8ba40f94e84c1e23b87a67ad9dfb43985f48d5c9e50be28691f4
    # via importlib-metadata
