certifi==2021.5.30 \
    --hash=sha256:40500886cb897243e586f68cb94bd2a858e8c1e4cfd091e1a527899aedb90c1b \
    --hash=sha256:50b1e4f8446b06f41be7dd6338db18e0990601dce795c2b1686458aa7e8fa7d8
    # via requests
charset-normalizer==2.0.4 \
    --hash=sha256:0c8911edd15d19223366a194a513099a302055a962bca2cec0f54b8b63175d8b \
    --hash=sha256:8290b03e2f31a4b3399e1727f0323607253bb2bd38f0cb23d4e0cc6d76a5ec72
    # via requests
grpcio==1.69.0 \
    --hash=sha256:200e48a6e7b00f804cf00a1c26292a5baa96507c7749e70a3ec10ca1a288936e \
    --hash=sha256:26deeb1f6574a088c45a05a8881eb0b8e0c9a245e136d6c2fdb39e54075eb86c \
    --hash=sha256:27db34333cf4b81df630ef78e33a0e9566445276b107ffe87e2cf918ae974393 \
    --hash=sha256:33762ccbd68c7c6a9157ee76a16f6951504a44224cccec5cc6f103f99b31317c \
    --hash=sha256:4dc372c67132bf3458eab8c8792dfaaf28ac75a90541f4443aa7bf74f9599b1a \
    --hash=sha256:7a7daad4cb25a8bfed4109b57c3bf981f0a0bb03e41dd5c87465a15d4d50ee03 \
    --hash=sha256:94d47995d00718e9a2d692a43cf0940fd78b91de3b9c101ca4387ef00065bbca \
    --hash=sha256:c720ecf7685ea82d1f555abc0ca263897a9e826a067d58f02a50a2161f1cba75 \
    --hash=sha256:ce1ba06b45fb4de28dd46d4bb1a72162393b502eddbcce7bb53e8fb6b002e241 \
    --hash=sha256:d323df8b0647515eceed3693a4ae877801ff5abdaefecb6f68fd098f219c26ab \
    --hash=sha256:d64021187c8a580e816050d17cc30d974b864125ca4c7a0a7a5ffc748204f9d4 \
    --hash=sha256:ef87d259b0c80aac6a319a20fa931c2f0e65b2c65082e3eaaa919c741643c962 \
    --hash=sha256:feac81accabff2e6ef88e8d104c40512f1c6e946e04e4ba37c1597217f2da34d
idna==2.10 \
    --hash=sha256:3f83e45e7d9d684402aa6f841edf78d4df81ba1b4e654110446cca98afe83860 \
    --hash=sha256:3f83e45e7d9d684402aa6f841edf78d4df81ba1b4e654110446cca98afe83860 \
    --hash=sha256:3f83e45e7d9d684402aa6f841edf78d4df81ba1b4e654110446cca98afe83860 \
    --hash=sha256:b97d804b1e9b523befed77c48dacec60e6dcb0b5391d57af6a65a312a90648c0 \
    --hash=sha256:b97d804b1e9b523befed77c48dacec60e6dcb0b5391d57af6a65a312a90648c0 \
    --hash=sha256:b97d804b1e9b523befed77c48dacec60e6dcb0b5391d57af6a65a312a90648c0
    # via requests
protobuf==3.20.0 \
    --hash=sha256:4eda68bd9e2a4879385e6b1ea528c976f59cd9728382005cc54c28bcce8db983 \
    --hash=sha256:cc1ab9f17195d481f2e6249922197bb249c5b445ff4aaff9c49d9f2d9035da94
psutil==5.8.0+chromium.3 \
    --hash=sha256:0414d09ff0e351534cec610ea7abb69293c3247d85957cb8ca9079b25dcee9aa \
    --hash=sha256:14353392ca62cfd804920a31453f4d05fa076c18bd093c2e7bcef767f14c4e9c \
    --hash=sha256:23010beb4d80ad1c52412fbc42b22dac29075de4c251c4f59e88393556359a03 \
    --hash=sha256:241ced5e39bf21b8262cba00e308d36e0a55b55bda72a4bc6a275e97c4bd6076 \
    --hash=sha256:2e46f6c91650281a318edf1fa0303115316e9a18d1753331647cbe6a54992094 \
    --hash=sha256:4775397151e9cf7ce7ba74d0c503e7ae7524647ca61b3cbb9ec074e455ae641b \
    --hash=sha256:4c17e9d514baf04be368fabba7b7b5d939612f7918b86cbd29a69893eabc3bd7 \
    --hash=sha256:55c5e6a6a9f224cb33780838dce6aa9ba76b417321a77e4aacec1340b42f8d4e \
    --hash=sha256:7ab874691912e8ea195df7b205839db956eea8524f2f735017e8f441557cfd38 \
    --hash=sha256:9e1b2514a57cfb6134e10e2292f7cc57b5268161603236b5c4d8b267d35477f7 \
    --hash=sha256:a066d6d1ea231e91653d80c8cd12f1df1c9efa69c00ca5beda3ff91dabf32a4f \
    --hash=sha256:ad7b79a159498273acbef1a629da7c413d7aa1485570d7e41de7124f6b59305e \
    --hash=sha256:c8280cd87abc40fa29973d0b44c8ef89ff39d4b13ad423a02ddeebf72f10ce61 \
    --hash=sha256:ce110dfcdd5f158c3ba9e3a7965263afcbb4b8427115f760624585ae5bd9ee49 \
    --hash=sha256:d37cb319de52e7c194dbc6f432910105268f07f94c659d3c097b96c59c94311f \
    --hash=sha256:d67e2c738ea14d2594a7af88730c6e48504aff57e466e41df62e15ef8b9fe0c5 \
    --hash=sha256:e26d6129298d2aa99cf805aa81ffb76e33d9a1a12dfc0653b4c893423aeea37d
requests==2.31.0 \
    --hash=sha256:58cd2187c01e70e6e26505bca751777aa9f2ee0b7f4300988b709f44e013003f \
    --hash=sha256:7c024df3d83d462cc8127c6c9a2dae2e5d2bddb54c1039624ab3baf485d752ca
six==1.15.0 \
    --hash=sha256:7bb413e52c2f9981580e74743d53187be17e108df9b4f9fab1964aab2e94b9d6 \
    --hash=sha256:7bb413e52c2f9981580e74743d53187be17e108df9b4f9fab1964aab2e94b9d6 \
    --hash=sha256:8b74bedcbbbaca38ff6d7491d76f2b06b3592611af620f8426e82dddb04a5ced \
    --hash=sha256:8b74bedcbbbaca38ff6d7491d76f2b06b3592611af620f8426e82dddb04a5ced \
    --hash=sha256:8b74bedcbbbaca38ff6d7491d76f2b06b3592611af620f8426e82dddb04a5ced \
    --hash=sha256:8b74bedcbbbaca38ff6d7491d76f2b06b3592611af620f8426e82dddb04a5ced \
    --hash=sha256:8b74bedcbbbaca38ff6d7491d76f2b06b3592611af620f8426e82dddb04a5ced \
    --hash=sha256:8b74bedcbbbaca38ff6d7491d76f2b06b3592611af620f8426e82dddb04a5ced \
    --hash=sha256:8b74bedcbbbaca38ff6d7491d76f2b06b3592611af620f8426e82dddb04a5ced \
    --hash=sha256:8b74bedcbbbaca38ff6d7491d76f2b06b3592611af620f8426e82dddb04a5ced \
    --hash=sha256:8b74bedcbbbaca38ff6d7491d76f2b06b3592611af620f8426e82dddb04a5ced \
    --hash=sha256:8b74bedcbbbaca38ff6d7491d76f2b06b3592611af620f8426e82dddb04a5ced \
    --hash=sha256:c7dfbdb6d68189c1942e9405fae9eef6bdf2ddff305866df52b806c11da74323
urllib3==1.26.6 \
    --hash=sha256:39fb8672126159acb139a7718dd10806104dec1e2f0f6c88aab05d17df10c8d4 \
    --hash=sha256:fa608904f610002ec11bb0347f46ccf36c1fe0fb399c8044fce17e8fc02936db
    # via requests
