iniconfig==1.1.1 \
    --hash=sha256:011e24c64b7f47f6ebd835bb12a743f2fbe9a26d4cecaa7f53bc4f35ee9da8b3 \
    --hash=sha256:9d81514370059186276e9a1799e5a9752e4c060233c254d6954b53fad2ff8a5e
mypy==1.17.1 \
    --hash=sha256:a9f52c0351c21fe24c21d8c0eb1f62967b262d6729393397b6f443c3b773c3b9 \
    --hash=sha256:c629a091b103faac2757e9b39721c17c4fb63069595a4640ce546bcc5c0a807b
mypy-extensions==1.1.0 \
    --hash=sha256:1be4cccdb0f2482337c4743e60421de3a356cd97508abadd57d47403e94f5505 \
    --hash=sha256:1be4cccdb0f2482337c4743e60421de3a356cd97508abadd57d47403e94f5505 \
    --hash=sha256:1be4cccdb0f2482337c4743e60421de3a356cd97508abadd57d47403e94f5505 \
    --hash=sha256:1be4cccdb0f2482337c4743e60421de3a356cd97508abadd57d47403e94f5505 \
    --hash=sha256:1be4cccdb0f2482337c4743e60421de3a356cd97508abadd57d47403e94f5505 \
    --hash=sha256:1be4cccdb0f2482337c4743e60421de3a356cd97508abadd57d47403e94f5505 \
    --hash=sha256:1be4cccdb0f2482337c4743e60421de3a356cd97508abadd57d47403e94f5505 \
    --hash=sha256:1be4cccdb0f2482337c4743e60421de3a356cd97508abadd57d47403e94f5505 \
    --hash=sha256:4ec363d206d93f233330fa7f08eefe9a382dd1e326112a94244f95ec2f22f10e
    # via mypy
packaging==24.2 \
    --hash=sha256:09abb1bccd265c01f4a3aa3f7a7db064b36514d2cba19a2f694fe6150451a759 \
    --hash=sha256:737fa6da612d7476315357971b1fcdaf209a2552736d594467c061fc3f3c343a
parameterized==0.7.1 \
    --hash=sha256:aa0891c15d6899b49751bffb204a2a799f9fa71b075c312071fa59f60701e651 \
    --hash=sha256:aa0891c15d6899b49751bffb204a2a799f9fa71b075c312071fa59f60701e651 \
    --hash=sha256:aa0891c15d6899b49751bffb204a2a799f9fa71b075c312071fa59f60701e651 \
    --hash=sha256:ea0326ba5bbbe7c427329a27b75003410df07d1173ca254976f8f5a64922c322 \
    --hash=sha256:ea0326ba5bbbe7c427329a27b75003410df07d1173ca254976f8f5a64922c322 \
    --hash=sha256:ea0326ba5bbbe7c427329a27b75003410df07d1173ca254976f8f5a64922c322
pathspec==0.9.0 \
    --hash=sha256:7d15c4ddb0b5c802d161efc417ec1a2558ea2653c2e8ad9c19098201dc1c993a \
    --hash=sha256:aaf90f4ad38a16bd3ebe0fa64da7f6ee01819c881120db68cc6440941a9adc08
    # via mypy
pbr==3.0.0 \
    --hash=sha256:86f0e548dfbdc1ad12559725a66b5e1ca0b2e0744940da1ec89991fd11a2b32b \
    --hash=sha256:86f0e548dfbdc1ad12559725a66b5e1ca0b2e0744940da1ec89991fd11a2b32b \
    --hash=sha256:86f0e548dfbdc1ad12559725a66b5e1ca0b2e0744940da1ec89991fd11a2b32b \
    --hash=sha256:de776c05e4a75e4d266e03a3d82ba13894e2c51a2fa52501187361ac180d4468 \
    --hash=sha256:de776c05e4a75e4d266e03a3d82ba13894e2c51a2fa52501187361ac180d4468 \
    --hash=sha256:de776c05e4a75e4d266e03a3d82ba13894e2c51a2fa52501187361ac180d4468
pluggy==1.5.0 \
    --hash=sha256:40da5bf96b15e359e280fd760a80c11d7a8ea20c3c296c3f3e09f8be67cec10b \
    --hash=sha256:44e1ad92c8ca002de6377e165f3e0f1be63266ab4d554740532335b9d75ea669 \
    --hash=sha256:44e1ad92c8ca002de6377e165f3e0f1be63266ab4d554740532335b9d75ea669 \
    --hash=sha256:44e1ad92c8ca002de6377e165f3e0f1be63266ab4d554740532335b9d75ea669 \
    --hash=sha256:44e1ad92c8ca002de6377e165f3e0f1be63266ab4d554740532335b9d75ea669 \
    --hash=sha256:44e1ad92c8ca002de6377e165f3e0f1be63266ab4d554740532335b9d75ea669 \
    --hash=sha256:44e1ad92c8ca002de6377e165f3e0f1be63266ab4d554740532335b9d75ea669 \
    --hash=sha256:44e1ad92c8ca002de6377e165f3e0f1be63266ab4d554740532335b9d75ea669 \
    --hash=sha256:44e1ad92c8ca002de6377e165f3e0f1be63266ab4d554740532335b9d75ea669
six==1.15.0 \
    --hash=sha256:7bb413e52c2f9981580e74743d53187be17e108df9b4f9fab1964aab2e94b9d6 \
    --hash=sha256:7bb413e52c2f9981580e74743d53187be17e108df9b4f9fab1964aab2e94b9d6 \
    --hash=sha256:8b74bedcbbbaca38ff6d7491d76f2b06b3592611af620f8426e82dddb04a5ced \
    --hash=sha256:8b74bedcbbbaca38ff6d7491d76f2b06b3592611af620f8426e82dddb04a5ced \
    --hash=sha256:8b74bedcbbbaca38ff6d7491d76f2b06b3592611af620f8426e82dddb04a5ced \
    --hash=sha256:8b74bedcbbbaca38ff6d7491d76f2b06b3592611af620f8426e82dddb04a5ced \
    --hash=sha256:8b74bedcbbbaca38ff6d7491d76f2b06b3592611af620f8426e82dddb04a5ced \
    --hash=sha256:8b74bedcbbbaca38ff6d7491d76f2b06b3592611af620f8426e82dddb04a5ced \
    --hash=sha256:8b74bedcbbbaca38ff6d7491d76f2b06b3592611af620f8426e82dddb04a5ced \
    --hash=sha256:8b74bedcbbbaca38ff6d7491d76f2b06b3592611af620f8426e82dddb04a5ced \
    --hash=sha256:8b74bedcbbbaca38ff6d7491d76f2b06b3592611af620f8426e82dddb04a5ced \
    --hash=sha256:8b74bedcbbbaca38ff6d7491d76f2b06b3592611af620f8426e82dddb04a5ced \
    --hash=sha256:c7dfbdb6d68189c1942e9405fae9eef6bdf2ddff305866df52b806c11da74323
typing-extensions==4.14.0 \
    --hash=sha256:143b71ca62ef50cf4ae7ff2058cd26603b763b481e808a9719aca4fedf447950 \
    --hash=sha256:a1514509136dd0b477638fc68d6a91497af5076466ad0fa6c338e44e359944af \
    --hash=sha256:a1514509136dd0b477638fc68d6a91497af5076466ad0fa6c338e44e359944af \
    --hash=sha256:a1514509136dd0b477638fc68d6a91497af5076466ad0fa6c338e44e359944af \
    --hash=sha256:a1514509136dd0b477638fc68d6a91497af5076466ad0fa6c338e44e359944af \
    --hash=sha256:a1514509136dd0b477638fc68d6a91497af5076466ad0fa6c338e44e359944af \
    --hash=sha256:a1514509136dd0b477638fc68d6a91497af5076466ad0fa6c338e44e359944af \
    --hash=sha256:a1514509136dd0b477638fc68d6a91497af5076466ad0fa6c338e44e359944af \
    --hash=sha256:a1514509136dd0b477638fc68d6a91497af5076466ad0fa6c338e44e359944af
    # via mypy
