psutil==5.7.2 \
    --hash=sha256:013299a60062c91fd11239d173d00eaba72c6d9ba6c988740edbeda3d75b979d \
    --hash=sha256:1bacbede94c4fbd614401e9cfbeb7e5dcec2dd1f05bbe251954b0d4ea0ba4120 \
    --hash=sha256:2885fc2c1c85857fe4f0a5232cad1e2eb6fa41d58c8c24821f42f879fc86e32f \
    --hash=sha256:462f5b949a99d3bc4869937fa7ceaa0a819aff62f4d32f5a2df26871177494ec \
    --hash=sha256:49a13d4e9b6dd237bf161f6091b8ed4074019448816a4ebc8aeaa9e31b6a5e9a \
    --hash=sha256:5b562ede31f8208b324cf58d5ae383d5c578dd524a17529ce1d2b2b3465ee3f9 \
    --hash=sha256:645a4560d97e5247e4e92c86c3739b8b2b1bce472b5622dc39fcb92ba2f3fba3 \
    --hash=sha256:6aeaae552feb71eb9ea541ef755cb6a1e7215a35c34a88e36b83c61e8fa472e1 \
    --hash=sha256:72e5b078e3b6ee6f5b08528702aa848e6860cd9f2b6660d67494e31060a269a6 \
    --hash=sha256:74affe15cbad7c5c77ce9c347aeab7ece8cd55f58350d3d7320d2b96cfa68629 \
    --hash=sha256:879a3bfe444650aec1eacc6057fc5779e0879c90969eba6d868cc41d1e59cd6f \
    --hash=sha256:b320e69fabd22badb031240b2d5215870e4f24610170336729cd6450d4a15da5 \
    --hash=sha256:bb3df2beffc8ab46b4c352861ec1fffca13916629b5f6708155060974922330c \
    --hash=sha256:cfa7a72f4d5ccead94466b3bb3cb3855b0cbb264966dec539107f30b89095cb8 \
    --hash=sha256:d45946806e4c87bd4aba651e27d77cc656d7916404d181a176c4790c5d2e1bb6 \
    --hash=sha256:d5b3f6f03a063728b2f6967b63e75993cd7324db33c381cb7026033fbaae0bf3 \
    --hash=sha256:e7896fbcd2fea86f7cb7d02b11eed9cbc2b0768449de73cfbf205a77ba8260b0
selenium==3.14.0 \
    --hash=sha256:309dc92418d46e6da1a7e296dc46612657d0cdbcfc4732ca63f490a8b250daa7 \
    --hash=sha256:497e2484ed837e535c3639f8b680fdfb2864c9ddb271333eed27f16081406b83 \
    --hash=sha256:a7a70aba214880b4dda5cfe042805e85f20e65d08298d97c35e823c716318be8 \
    --hash=sha256:c53d13a2627d835fee3d1d6291214c62196dfeb6f5f35572bacf31ac60c030c0 \
    --hash=sha256:c53d13a2627d835fee3d1d6291214c62196dfeb6f5f35572bacf31ac60c030c0 \
    --hash=sha256:c53d13a2627d835fee3d1d6291214c62196dfeb6f5f35572bacf31ac60c030c0 \
    --hash=sha256:c53d13a2627d835fee3d1d6291214c62196dfeb6f5f35572bacf31ac60c030c0 \
    --hash=sha256:c53d13a2627d835fee3d1d6291214c62196dfeb6f5f35572bacf31ac60c030c0 \
    --hash=sha256:c53d13a2627d835fee3d1d6291214c62196dfeb6f5f35572bacf31ac60c030c0 \
    --hash=sha256:c53d13a2627d835fee3d1d6291214c62196dfeb6f5f35572bacf31ac60c030c0 \
    --hash=sha256:c53d13a2627d835fee3d1d6291214c62196dfeb6f5f35572bacf31ac60c030c0 \
    --hash=sha256:c53d13a2627d835fee3d1d6291214c62196dfeb6f5f35572bacf31ac60c030c0 \
    --hash=sha256:c53d13a2627d835fee3d1d6291214c62196dfeb6f5f35572bacf31ac60c030c0 \
    --hash=sha256:c53d13a2627d835fee3d1d6291214c62196dfeb6f5f35572bacf31ac60c030c0 \
    --hash=sha256:c53d13a2627d835fee3d1d6291214c62196dfeb6f5f35572bacf31ac60c030c0 \
    --hash=sha256:c53d13a2627d835fee3d1d6291214c62196dfeb6f5f35572bacf31ac60c030c0 \
    --hash=sha256:c53d13a2627d835fee3d1d6291214c62196dfeb6f5f35572bacf31ac60c030c0 \
    --hash=sha256:c53d13a2627d835fee3d1d6291214c62196dfeb6f5f35572bacf31ac60c030c0 \
    --hash=sha256:c53d13a2627d835fee3d1d6291214c62196dfeb6f5f35572bacf31ac60c030c0 \
    --hash=sha256:c53d13a2627d835fee3d1d6291214c62196dfeb6f5f35572bacf31ac60c030c0
urllib3==1.24.3 \
    --hash=sha256:28ca2b8d9869d5378ac5f1c4831feffbbf7c824ebc5c46542fb74624d946fd94 \
    --hash=sha256:42db7ba6c9de3444ca76d03099e6f60771fa84a57c8937419d1c0d4097435956 \
    --hash=sha256:9d40c8e2ec049bf64d7c6925097542c910f0e40973a443e7107fe6ad11606469 \
    --hash=sha256:a637e5fae88995b256e3409dc4d52c2e2e0ba32c42a6365fee8bbd2238de3cfb \
    --hash=sha256:a637e5fae88995b256e3409dc4d52c2e2e0ba32c42a6365fee8bbd2238de3cfb \
    --hash=sha256:a637e5fae88995b256e3409dc4d52c2e2e0ba32c42a6365fee8bbd2238de3cfb \
    --hash=sha256:a637e5fae88995b256e3409dc4d52c2e2e0ba32c42a6365fee8bbd2238de3cfb \
    --hash=sha256:a637e5fae88995b256e3409dc4d52c2e2e0ba32c42a6365fee8bbd2238de3cfb \
    --hash=sha256:a637e5fae88995b256e3409dc4d52c2e2e0ba32c42a6365fee8bbd2238de3cfb \
    --hash=sha256:a637e5fae88995b256e3409dc4d52c2e2e0ba32c42a6365fee8bbd2238de3cfb \
    --hash=sha256:a637e5fae88995b256e3409dc4d52c2e2e0ba32c42a6365fee8bbd2238de3cfb \
    --hash=sha256:a637e5fae88995b256e3409dc4d52c2e2e0ba32c42a6365fee8bbd2238de3cfb \
    --hash=sha256:a637e5fae88995b256e3409dc4d52c2e2e0ba32c42a6365fee8bbd2238de3cfb \
    --hash=sha256:a637e5fae88995b256e3409dc4d52c2e2e0ba32c42a6365fee8bbd2238de3cfb \
    --hash=sha256:a637e5fae88995b256e3409dc4d52c2e2e0ba32c42a6365fee8bbd2238de3cfb \
    --hash=sha256:a637e5fae88995b256e3409dc4d52c2e2e0ba32c42a6365fee8bbd2238de3cfb \
    --hash=sha256:a637e5fae88995b256e3409dc4d52c2e2e0ba32c42a6365fee8bbd2238de3cfb \
    --hash=sha256:a637e5fae88995b256e3409dc4d52c2e2e0ba32c42a6365fee8bbd2238de3cfb \
    --hash=sha256:a637e5fae88995b256e3409dc4d52c2e2e0ba32c42a6365fee8bbd2238de3cfb \
    --hash=sha256:a637e5fae88995b256e3409dc4d52c2e2e0ba32c42a6365fee8bbd2238de3cfb
    # via selenium
